// !$*UTF8*$!
{
	archiveVersion = 1;
	classes = {
	};
	objectVersion = 50;
	objects = {

/* Begin PBXBuildFile section */
		0F0FFC2520FB902B00D44D00 /* Realm.framework in Frameworks */ = {isa = PBXBuildFile; fileRef = 0F0FFC2420FB902B00D44D00 /* Realm.framework */; };
		0F0FFC2720FB902E00D44D00 /* RealmSwift.framework in Frameworks */ = {isa = PBXBuildFile; fileRef = 0F0FFC2620FB902E00D44D00 /* RealmSwift.framework */; };
		0F0FFC2A20FB92FA00D44D00 /* TimeLog.swift in Sources */ = {isa = PBXBuildFile; fileRef = 0F0FFC2920FB92FA00D44D00 /* TimeLog.swift */; };
		0F0FFC2B20FB92FA00D44D00 /* TimeLog.swift in Sources */ = {isa = PBXBuildFile; fileRef = 0F0FFC2920FB92FA00D44D00 /* TimeLog.swift */; };
		0F0FFC2C20FB92FA00D44D00 /* TimeLog.swift in Sources */ = {isa = PBXBuildFile; fileRef = 0F0FFC2920FB92FA00D44D00 /* TimeLog.swift */; };
		0F0FFC3220FBCEE900D44D00 /* RealmStorageService.swift in Sources */ = {isa = PBXBuildFile; fileRef = 0F0FFC3120FBCEE900D44D00 /* RealmStorageService.swift */; };
		0F0FFC3320FBCEE900D44D00 /* RealmStorageService.swift in Sources */ = {isa = PBXBuildFile; fileRef = 0F0FFC3120FBCEE900D44D00 /* RealmStorageService.swift */; };
		0F0FFC3420FBCEE900D44D00 /* RealmStorageService.swift in Sources */ = {isa = PBXBuildFile; fileRef = 0F0FFC3120FBCEE900D44D00 /* RealmStorageService.swift */; };
		0F0FFC5820FD3C9700D44D00 /* ReaderWriter.swift in Sources */ = {isa = PBXBuildFile; fileRef = 0F0FFC5720FD3C9700D44D00 /* ReaderWriter.swift */; };
		0F0FFC5920FD3C9700D44D00 /* ReaderWriter.swift in Sources */ = {isa = PBXBuildFile; fileRef = 0F0FFC5720FD3C9700D44D00 /* ReaderWriter.swift */; };
		0F0FFC5A20FD3C9700D44D00 /* ReaderWriter.swift in Sources */ = {isa = PBXBuildFile; fileRef = 0F0FFC5720FD3C9700D44D00 /* ReaderWriter.swift */; };
		0F0FFC5C20FD450200D44D00 /* TimeRegistrationListViewModel.swift in Sources */ = {isa = PBXBuildFile; fileRef = 0F0FFC5B20FD450200D44D00 /* TimeRegistrationListViewModel.swift */; };
		0F0FFC5D20FD450200D44D00 /* TimeRegistrationListViewModel.swift in Sources */ = {isa = PBXBuildFile; fileRef = 0F0FFC5B20FD450200D44D00 /* TimeRegistrationListViewModel.swift */; };
		0F0FFC5E20FD450200D44D00 /* TimeRegistrationListViewModel.swift in Sources */ = {isa = PBXBuildFile; fileRef = 0F0FFC5B20FD450200D44D00 /* TimeRegistrationListViewModel.swift */; };
		0F0FFC6020FD454600D44D00 /* TimeRegistrationListViewModelImplementation.swift in Sources */ = {isa = PBXBuildFile; fileRef = 0F0FFC5F20FD454600D44D00 /* TimeRegistrationListViewModelImplementation.swift */; };
		0F0FFC6120FD454600D44D00 /* TimeRegistrationListViewModelImplementation.swift in Sources */ = {isa = PBXBuildFile; fileRef = 0F0FFC5F20FD454600D44D00 /* TimeRegistrationListViewModelImplementation.swift */; };
		0F0FFC6220FD454600D44D00 /* TimeRegistrationListViewModelImplementation.swift in Sources */ = {isa = PBXBuildFile; fileRef = 0F0FFC5F20FD454600D44D00 /* TimeRegistrationListViewModelImplementation.swift */; };
		0F0FFC6420FD519300D44D00 /* EditTimeEntryViewModel.swift in Sources */ = {isa = PBXBuildFile; fileRef = 0F0FFC6320FD519300D44D00 /* EditTimeEntryViewModel.swift */; };
		0F0FFC6520FD519300D44D00 /* EditTimeEntryViewModel.swift in Sources */ = {isa = PBXBuildFile; fileRef = 0F0FFC6320FD519300D44D00 /* EditTimeEntryViewModel.swift */; };
		0F0FFC6620FD519300D44D00 /* EditTimeEntryViewModel.swift in Sources */ = {isa = PBXBuildFile; fileRef = 0F0FFC6320FD519300D44D00 /* EditTimeEntryViewModel.swift */; };
		0F0FFC6820FD51B500D44D00 /* EditTimeEntryViewModelImplementation.swift in Sources */ = {isa = PBXBuildFile; fileRef = 0F0FFC6720FD51B500D44D00 /* EditTimeEntryViewModelImplementation.swift */; };
		0F0FFC6920FD51B500D44D00 /* EditTimeEntryViewModelImplementation.swift in Sources */ = {isa = PBXBuildFile; fileRef = 0F0FFC6720FD51B500D44D00 /* EditTimeEntryViewModelImplementation.swift */; };
		0F0FFC6A20FD51B500D44D00 /* EditTimeEntryViewModelImplementation.swift in Sources */ = {isa = PBXBuildFile; fileRef = 0F0FFC6720FD51B500D44D00 /* EditTimeEntryViewModelImplementation.swift */; };
		0F0FFC6C20FE573500D44D00 /* TimeEntry.swift in Sources */ = {isa = PBXBuildFile; fileRef = 0F0FFC6B20FE573500D44D00 /* TimeEntry.swift */; };
		0F0FFC6D20FE573500D44D00 /* TimeEntry.swift in Sources */ = {isa = PBXBuildFile; fileRef = 0F0FFC6B20FE573500D44D00 /* TimeEntry.swift */; };
		0F0FFC6E20FE573500D44D00 /* TimeEntry.swift in Sources */ = {isa = PBXBuildFile; fileRef = 0F0FFC6B20FE573500D44D00 /* TimeEntry.swift */; };
		0F0FFC7920FE5E4700D44D00 /* TimeLogFactory.swift in Sources */ = {isa = PBXBuildFile; fileRef = 0F0FFC7820FE5E4700D44D00 /* TimeLogFactory.swift */; };
		0F0FFC7A20FE5E4700D44D00 /* TimeLogFactory.swift in Sources */ = {isa = PBXBuildFile; fileRef = 0F0FFC7820FE5E4700D44D00 /* TimeLogFactory.swift */; };
		0F0FFC7B20FE5E4700D44D00 /* TimeLogFactory.swift in Sources */ = {isa = PBXBuildFile; fileRef = 0F0FFC7820FE5E4700D44D00 /* TimeLogFactory.swift */; };
		0F0FFC7D20FE643900D44D00 /* TimeLogCellViewModel.swift in Sources */ = {isa = PBXBuildFile; fileRef = 0F0FFC7C20FE643900D44D00 /* TimeLogCellViewModel.swift */; };
		0F0FFC7E20FE643900D44D00 /* TimeLogCellViewModel.swift in Sources */ = {isa = PBXBuildFile; fileRef = 0F0FFC7C20FE643900D44D00 /* TimeLogCellViewModel.swift */; };
		0F0FFC7F20FE643900D44D00 /* TimeLogCellViewModel.swift in Sources */ = {isa = PBXBuildFile; fileRef = 0F0FFC7C20FE643900D44D00 /* TimeLogCellViewModel.swift */; };
		0F0FFC8120FE646400D44D00 /* TimeLogCellViewModelImplementation.swift in Sources */ = {isa = PBXBuildFile; fileRef = 0F0FFC8020FE646400D44D00 /* TimeLogCellViewModelImplementation.swift */; };
		0F0FFC8220FE646400D44D00 /* TimeLogCellViewModelImplementation.swift in Sources */ = {isa = PBXBuildFile; fileRef = 0F0FFC8020FE646400D44D00 /* TimeLogCellViewModelImplementation.swift */; };
		0F0FFC8320FE646400D44D00 /* TimeLogCellViewModelImplementation.swift in Sources */ = {isa = PBXBuildFile; fileRef = 0F0FFC8020FE646400D44D00 /* TimeLogCellViewModelImplementation.swift */; };
		0F0FFC8B20FE748500D44D00 /* TinyConstraints.framework in Embed Frameworks */ = {isa = PBXBuildFile; fileRef = 0F0FFC8820FE6FD000D44D00 /* TinyConstraints.framework */; settings = {ATTRIBUTES = (CodeSignOnCopy, RemoveHeadersOnCopy, ); }; };
		0F0FFC8E20FE753100D44D00 /* TimeLogCellView.swift in Sources */ = {isa = PBXBuildFile; fileRef = 0F0FFC8D20FE753100D44D00 /* TimeLogCellView.swift */; };
		0F0FFC8F20FE753100D44D00 /* TimeLogCellView.swift in Sources */ = {isa = PBXBuildFile; fileRef = 0F0FFC8D20FE753100D44D00 /* TimeLogCellView.swift */; };
		0F0FFC9020FE753100D44D00 /* TimeLogCellView.swift in Sources */ = {isa = PBXBuildFile; fileRef = 0F0FFC8D20FE753100D44D00 /* TimeLogCellView.swift */; };
		0F0FFC9220FE8E3500D44D00 /* TimeRegistrationListViewController.swift in Sources */ = {isa = PBXBuildFile; fileRef = 0F0FFC9120FE8E3500D44D00 /* TimeRegistrationListViewController.swift */; };
		0F0FFC9320FE8E3500D44D00 /* TimeRegistrationListViewController.swift in Sources */ = {isa = PBXBuildFile; fileRef = 0F0FFC9120FE8E3500D44D00 /* TimeRegistrationListViewController.swift */; };
		0F0FFC9420FE8E3500D44D00 /* TimeRegistrationListViewController.swift in Sources */ = {isa = PBXBuildFile; fileRef = 0F0FFC9120FE8E3500D44D00 /* TimeRegistrationListViewController.swift */; };
		0FB7A2FF20FB31E100692939 /* AppDelegate.swift in Sources */ = {isa = PBXBuildFile; fileRef = 0FB7A2FE20FB31E100692939 /* AppDelegate.swift */; };
		0FB7A30120FB31E100692939 /* ViewController.swift in Sources */ = {isa = PBXBuildFile; fileRef = 0FB7A30020FB31E100692939 /* ViewController.swift */; };
		0FB7A30420FB31E100692939 /* Main.storyboard in Resources */ = {isa = PBXBuildFile; fileRef = 0FB7A30220FB31E100692939 /* Main.storyboard */; };
		0FB7A30620FB31E300692939 /* Assets.xcassets in Resources */ = {isa = PBXBuildFile; fileRef = 0FB7A30520FB31E300692939 /* Assets.xcassets */; };
		0FB7A30920FB31E300692939 /* LaunchScreen.storyboard in Resources */ = {isa = PBXBuildFile; fileRef = 0FB7A30720FB31E300692939 /* LaunchScreen.storyboard */; };
		0FB7A31420FB31E300692939 /* SimpleTimeLoggerTests.swift in Sources */ = {isa = PBXBuildFile; fileRef = 0FB7A31320FB31E300692939 /* SimpleTimeLoggerTests.swift */; };
		0FB7A31F20FB31E300692939 /* SimpleTimeLoggerUITests.swift in Sources */ = {isa = PBXBuildFile; fileRef = 0FB7A31E20FB31E300692939 /* SimpleTimeLoggerUITests.swift */; };
/* End PBXBuildFile section */

/* Begin PBXContainerItemProxy section */
		0FB7A31020FB31E300692939 /* PBXContainerItemProxy */ = {
			isa = PBXContainerItemProxy;
			containerPortal = 0FB7A2F320FB31E100692939 /* Project object */;
			proxyType = 1;
			remoteGlobalIDString = 0FB7A2FA20FB31E100692939;
			remoteInfo = SimpleTimeLogger;
		};
		0FB7A31B20FB31E300692939 /* PBXContainerItemProxy */ = {
			isa = PBXContainerItemProxy;
			containerPortal = 0FB7A2F320FB31E100692939 /* Project object */;
			proxyType = 1;
			remoteGlobalIDString = 0FB7A2FA20FB31E100692939;
			remoteInfo = SimpleTimeLogger;
		};
/* End PBXContainerItemProxy section */

/* Begin PBXCopyFilesBuildPhase section */
		0F0FFC8C20FE748500D44D00 /* Embed Frameworks */ = {
			isa = PBXCopyFilesBuildPhase;
			buildActionMask = 2147483647;
			dstPath = "";
			dstSubfolderSpec = 10;
			files = (
				0F0FFC8B20FE748500D44D00 /* TinyConstraints.framework in Embed Frameworks */,
			);
			name = "Embed Frameworks";
			runOnlyForDeploymentPostprocessing = 0;
		};
/* End PBXCopyFilesBuildPhase section */

/* Begin PBXFileReference section */
		0F0FFC2420FB902B00D44D00 /* Realm.framework */ = {isa = PBXFileReference; lastKnownFileType = wrapper.framework; name = Realm.framework; path = Carthage/Build/iOS/Realm.framework; sourceTree = "<group>"; };
		0F0FFC2620FB902E00D44D00 /* RealmSwift.framework */ = {isa = PBXFileReference; lastKnownFileType = wrapper.framework; name = RealmSwift.framework; path = Carthage/Build/iOS/RealmSwift.framework; sourceTree = "<group>"; };
		0F0FFC2920FB92FA00D44D00 /* TimeLog.swift */ = {isa = PBXFileReference; lastKnownFileType = sourcecode.swift; path = TimeLog.swift; sourceTree = "<group>"; };
		0F0FFC3120FBCEE900D44D00 /* RealmStorageService.swift */ = {isa = PBXFileReference; lastKnownFileType = sourcecode.swift; path = RealmStorageService.swift; sourceTree = "<group>"; };
		0F0FFC5720FD3C9700D44D00 /* ReaderWriter.swift */ = {isa = PBXFileReference; lastKnownFileType = sourcecode.swift; path = ReaderWriter.swift; sourceTree = "<group>"; };
		0F0FFC5B20FD450200D44D00 /* TimeRegistrationListViewModel.swift */ = {isa = PBXFileReference; lastKnownFileType = sourcecode.swift; path = TimeRegistrationListViewModel.swift; sourceTree = "<group>"; };
		0F0FFC5F20FD454600D44D00 /* TimeRegistrationListViewModelImplementation.swift */ = {isa = PBXFileReference; lastKnownFileType = sourcecode.swift; path = TimeRegistrationListViewModelImplementation.swift; sourceTree = "<group>"; };
		0F0FFC6320FD519300D44D00 /* EditTimeEntryViewModel.swift */ = {isa = PBXFileReference; lastKnownFileType = sourcecode.swift; path = EditTimeEntryViewModel.swift; sourceTree = "<group>"; };
		0F0FFC6720FD51B500D44D00 /* EditTimeEntryViewModelImplementation.swift */ = {isa = PBXFileReference; lastKnownFileType = sourcecode.swift; path = EditTimeEntryViewModelImplementation.swift; sourceTree = "<group>"; };
		0F0FFC6B20FE573500D44D00 /* TimeEntry.swift */ = {isa = PBXFileReference; lastKnownFileType = sourcecode.swift; path = TimeEntry.swift; sourceTree = "<group>"; };
		0F0FFC7820FE5E4700D44D00 /* TimeLogFactory.swift */ = {isa = PBXFileReference; lastKnownFileType = sourcecode.swift; path = TimeLogFactory.swift; sourceTree = "<group>"; };
		0F0FFC7C20FE643900D44D00 /* TimeLogCellViewModel.swift */ = {isa = PBXFileReference; lastKnownFileType = sourcecode.swift; path = TimeLogCellViewModel.swift; sourceTree = "<group>"; };
		0F0FFC8020FE646400D44D00 /* TimeLogCellViewModelImplementation.swift */ = {isa = PBXFileReference; lastKnownFileType = sourcecode.swift; path = TimeLogCellViewModelImplementation.swift; sourceTree = "<group>"; };
		0F0FFC8820FE6FD000D44D00 /* TinyConstraints.framework */ = {isa = PBXFileReference; lastKnownFileType = wrapper.framework; name = TinyConstraints.framework; path = Carthage/Build/iOS/TinyConstraints.framework; sourceTree = "<group>"; };
		0F0FFC8D20FE753100D44D00 /* TimeLogCellView.swift */ = {isa = PBXFileReference; lastKnownFileType = sourcecode.swift; path = TimeLogCellView.swift; sourceTree = "<group>"; };
		0F0FFC9120FE8E3500D44D00 /* TimeRegistrationListViewController.swift */ = {isa = PBXFileReference; lastKnownFileType = sourcecode.swift; path = TimeRegistrationListViewController.swift; sourceTree = "<group>"; };
		0FB7A2FB20FB31E100692939 /* SimpleTimeLogger.app */ = {isa = PBXFileReference; explicitFileType = wrapper.application; includeInIndex = 0; path = SimpleTimeLogger.app; sourceTree = BUILT_PRODUCTS_DIR; };
		0FB7A2FE20FB31E100692939 /* AppDelegate.swift */ = {isa = PBXFileReference; lastKnownFileType = sourcecode.swift; path = AppDelegate.swift; sourceTree = "<group>"; };
		0FB7A30020FB31E100692939 /* ViewController.swift */ = {isa = PBXFileReference; lastKnownFileType = sourcecode.swift; path = ViewController.swift; sourceTree = "<group>"; };
		0FB7A30320FB31E100692939 /* Base */ = {isa = PBXFileReference; lastKnownFileType = file.storyboard; name = Base; path = Base.lproj/Main.storyboard; sourceTree = "<group>"; };
		0FB7A30520FB31E300692939 /* Assets.xcassets */ = {isa = PBXFileReference; lastKnownFileType = folder.assetcatalog; path = Assets.xcassets; sourceTree = "<group>"; };
		0FB7A30820FB31E300692939 /* Base */ = {isa = PBXFileReference; lastKnownFileType = file.storyboard; name = Base; path = Base.lproj/LaunchScreen.storyboard; sourceTree = "<group>"; };
		0FB7A30A20FB31E300692939 /* Info.plist */ = {isa = PBXFileReference; lastKnownFileType = text.plist.xml; path = Info.plist; sourceTree = "<group>"; };
		0FB7A30F20FB31E300692939 /* SimpleTimeLoggerTests.xctest */ = {isa = PBXFileReference; explicitFileType = wrapper.cfbundle; includeInIndex = 0; path = SimpleTimeLoggerTests.xctest; sourceTree = BUILT_PRODUCTS_DIR; };
		0FB7A31320FB31E300692939 /* SimpleTimeLoggerTests.swift */ = {isa = PBXFileReference; lastKnownFileType = sourcecode.swift; path = SimpleTimeLoggerTests.swift; sourceTree = "<group>"; };
		0FB7A31520FB31E300692939 /* Info.plist */ = {isa = PBXFileReference; lastKnownFileType = text.plist.xml; path = Info.plist; sourceTree = "<group>"; };
		0FB7A31A20FB31E300692939 /* SimpleTimeLoggerUITests.xctest */ = {isa = PBXFileReference; explicitFileType = wrapper.cfbundle; includeInIndex = 0; path = SimpleTimeLoggerUITests.xctest; sourceTree = BUILT_PRODUCTS_DIR; };
		0FB7A31E20FB31E300692939 /* SimpleTimeLoggerUITests.swift */ = {isa = PBXFileReference; lastKnownFileType = sourcecode.swift; path = SimpleTimeLoggerUITests.swift; sourceTree = "<group>"; };
		0FB7A32020FB31E300692939 /* Info.plist */ = {isa = PBXFileReference; lastKnownFileType = text.plist.xml; path = Info.plist; sourceTree = "<group>"; };
/* End PBXFileReference section */

/* Begin PBXFrameworksBuildPhase section */
		0FB7A2F820FB31E100692939 /* Frameworks */ = {
			isa = PBXFrameworksBuildPhase;
			buildActionMask = 2147483647;
			files = (
				0F0FFC2520FB902B00D44D00 /* Realm.framework in Frameworks */,
				0F0FFC2720FB902E00D44D00 /* RealmSwift.framework in Frameworks */,
			);
			runOnlyForDeploymentPostprocessing = 0;
		};
		0FB7A30C20FB31E300692939 /* Frameworks */ = {
			isa = PBXFrameworksBuildPhase;
			buildActionMask = 2147483647;
			files = (
			);
			runOnlyForDeploymentPostprocessing = 0;
		};
		0FB7A31720FB31E300692939 /* Frameworks */ = {
			isa = PBXFrameworksBuildPhase;
			buildActionMask = 2147483647;
			files = (
			);
			runOnlyForDeploymentPostprocessing = 0;
		};
/* End PBXFrameworksBuildPhase section */

/* Begin PBXGroup section */
		0F0FFC1720FB845100D44D00 /* Resources */ = {
			isa = PBXGroup;
			children = (
				0FB7A30220FB31E100692939 /* Main.storyboard */,
				0FB7A30520FB31E300692939 /* Assets.xcassets */,
				0FB7A30720FB31E300692939 /* LaunchScreen.storyboard */,
				0FB7A30A20FB31E300692939 /* Info.plist */,
			);
			path = Resources;
			sourceTree = "<group>";
		};
		0F0FFC1820FB845C00D44D00 /* Sources */ = {
			isa = PBXGroup;
			children = (
				0F0FFC2020FB854800D44D00 /* Extensions */,
				0F0FFC1F20FB853E00D44D00 /* Models */,
				0F0FFC1920FB847600D44D00 /* AppDelegate */,
			);
			path = Sources;
			sourceTree = "<group>";
		};
		0F0FFC1920FB847600D44D00 /* AppDelegate */ = {
			isa = PBXGroup;
			children = (
				0FB7A2FE20FB31E100692939 /* AppDelegate.swift */,
			);
			path = AppDelegate;
			sourceTree = "<group>";
		};
		0F0FFC1A20FB848A00D44D00 /* ViewControllers */ = {
			isa = PBXGroup;
			children = (
				0FB7A30020FB31E100692939 /* ViewController.swift */,
				0F0FFC9120FE8E3500D44D00 /* TimeRegistrationListViewController.swift */,
			);
			path = ViewControllers;
			sourceTree = "<group>";
		};
		0F0FFC1B20FB84B100D44D00 /* Services */ = {
			isa = PBXGroup;
			children = (
				0F0FFC5720FD3C9700D44D00 /* ReaderWriter.swift */,
				0F0FFC3120FBCEE900D44D00 /* RealmStorageService.swift */,
			);
			path = Services;
			sourceTree = "<group>";
		};
		0F0FFC1D20FB84C600D44D00 /* Stores */ = {
			isa = PBXGroup;
			children = (
			);
			path = Stores;
			sourceTree = "<group>";
		};
		0F0FFC1F20FB853E00D44D00 /* Models */ = {
			isa = PBXGroup;
			children = (
				0F0FFC2920FB92FA00D44D00 /* TimeLog.swift */,
				0F0FFC6B20FE573500D44D00 /* TimeEntry.swift */,
			);
			path = Models;
			sourceTree = "<group>";
		};
		0F0FFC2020FB854800D44D00 /* Extensions */ = {
			isa = PBXGroup;
			children = (
			);
			path = Extensions;
			sourceTree = "<group>";
		};
		0F0FFC2120FB856D00D44D00 /* Views */ = {
			isa = PBXGroup;
			children = (
				0F0FFC8D20FE753100D44D00 /* TimeLogCellView.swift */,
			);
			path = Views;
			sourceTree = "<group>";
		};
		0F0FFC2220FB857900D44D00 /* ViewModels */ = {
			isa = PBXGroup;
			children = (
				0F0FFC6320FD519300D44D00 /* EditTimeEntryViewModel.swift */,
				0F0FFC6720FD51B500D44D00 /* EditTimeEntryViewModelImplementation.swift */,
				0F0FFC7C20FE643900D44D00 /* TimeLogCellViewModel.swift */,
				0F0FFC8020FE646400D44D00 /* TimeLogCellViewModelImplementation.swift */,
				0F0FFC5B20FD450200D44D00 /* TimeRegistrationListViewModel.swift */,
				0F0FFC5F20FD454600D44D00 /* TimeRegistrationListViewModelImplementation.swift */,
			);
			path = ViewModels;
			sourceTree = "<group>";
		};
		0F0FFC2320FB902B00D44D00 /* Frameworks */ = {
			isa = PBXGroup;
			children = (
				0F0FFC8820FE6FD000D44D00 /* TinyConstraints.framework */,
				0F0FFC2620FB902E00D44D00 /* RealmSwift.framework */,
				0F0FFC2420FB902B00D44D00 /* Realm.framework */,
			);
			name = Frameworks;
			sourceTree = "<group>";
		};
		0F0FFC6F20FE579D00D44D00 /* Factories */ = {
			isa = PBXGroup;
			children = (
				0F0FFC7820FE5E4700D44D00 /* TimeLogFactory.swift */,
			);
			path = Factories;
			sourceTree = "<group>";
		};
		0FB7A2F220FB31E100692939 = {
			isa = PBXGroup;
			children = (
				0FB7A2FD20FB31E100692939 /* SimpleTimeLogger */,
				0FB7A31220FB31E300692939 /* SimpleTimeLoggerTests */,
				0FB7A31D20FB31E300692939 /* SimpleTimeLoggerUITests */,
				0FB7A2FC20FB31E100692939 /* Products */,
				0F0FFC2320FB902B00D44D00 /* Frameworks */,
			);
			sourceTree = "<group>";
		};
		0FB7A2FC20FB31E100692939 /* Products */ = {
			isa = PBXGroup;
			children = (
				0FB7A2FB20FB31E100692939 /* SimpleTimeLogger.app */,
				0FB7A30F20FB31E300692939 /* SimpleTimeLoggerTests.xctest */,
				0FB7A31A20FB31E300692939 /* SimpleTimeLoggerUITests.xctest */,
			);
			name = Products;
			sourceTree = "<group>";
		};
		0FB7A2FD20FB31E100692939 /* SimpleTimeLogger */ = {
			isa = PBXGroup;
			children = (
				0F0FFC6F20FE579D00D44D00 /* Factories */,
				0F0FFC2220FB857900D44D00 /* ViewModels */,
				0F0FFC2120FB856D00D44D00 /* Views */,
				0F0FFC1A20FB848A00D44D00 /* ViewControllers */,
				0F0FFC1B20FB84B100D44D00 /* Services */,
				0F0FFC1D20FB84C600D44D00 /* Stores */,
				0F0FFC1820FB845C00D44D00 /* Sources */,
				0F0FFC1720FB845100D44D00 /* Resources */,
			);
			path = SimpleTimeLogger;
			sourceTree = "<group>";
		};
		0FB7A31220FB31E300692939 /* SimpleTimeLoggerTests */ = {
			isa = PBXGroup;
			children = (
				0FB7A31320FB31E300692939 /* SimpleTimeLoggerTests.swift */,
				0FB7A31520FB31E300692939 /* Info.plist */,
			);
			path = SimpleTimeLoggerTests;
			sourceTree = "<group>";
		};
		0FB7A31D20FB31E300692939 /* SimpleTimeLoggerUITests */ = {
			isa = PBXGroup;
			children = (
				0FB7A31E20FB31E300692939 /* SimpleTimeLoggerUITests.swift */,
				0FB7A32020FB31E300692939 /* Info.plist */,
			);
			path = SimpleTimeLoggerUITests;
			sourceTree = "<group>";
		};
/* End PBXGroup section */

/* Begin PBXNativeTarget section */
		0FB7A2FA20FB31E100692939 /* SimpleTimeLogger */ = {
			isa = PBXNativeTarget;
			buildConfigurationList = 0FB7A32320FB31E300692939 /* Build configuration list for PBXNativeTarget "SimpleTimeLogger" */;
			buildPhases = (
				0FB7A2F720FB31E100692939 /* Sources */,
				0FB7A2F820FB31E100692939 /* Frameworks */,
				0FB7A2F920FB31E100692939 /* Resources */,
				0F0FFC2820FB904000D44D00 /* ShellScript */,
				0F0FFC8C20FE748500D44D00 /* Embed Frameworks */,
			);
			buildRules = (
			);
			dependencies = (
			);
			name = SimpleTimeLogger;
			productName = SimpleTimeLogger;
			productReference = 0FB7A2FB20FB31E100692939 /* SimpleTimeLogger.app */;
			productType = "com.apple.product-type.application";
		};
		0FB7A30E20FB31E300692939 /* SimpleTimeLoggerTests */ = {
			isa = PBXNativeTarget;
			buildConfigurationList = 0FB7A32620FB31E300692939 /* Build configuration list for PBXNativeTarget "SimpleTimeLoggerTests" */;
			buildPhases = (
				0FB7A30B20FB31E300692939 /* Sources */,
				0FB7A30C20FB31E300692939 /* Frameworks */,
				0FB7A30D20FB31E300692939 /* Resources */,
			);
			buildRules = (
			);
			dependencies = (
				0FB7A31120FB31E300692939 /* PBXTargetDependency */,
			);
			name = SimpleTimeLoggerTests;
			productName = SimpleTimeLoggerTests;
			productReference = 0FB7A30F20FB31E300692939 /* SimpleTimeLoggerTests.xctest */;
			productType = "com.apple.product-type.bundle.unit-test";
		};
		0FB7A31920FB31E300692939 /* SimpleTimeLoggerUITests */ = {
			isa = PBXNativeTarget;
			buildConfigurationList = 0FB7A32920FB31E300692939 /* Build configuration list for PBXNativeTarget "SimpleTimeLoggerUITests" */;
			buildPhases = (
				0FB7A31620FB31E300692939 /* Sources */,
				0FB7A31720FB31E300692939 /* Frameworks */,
				0FB7A31820FB31E300692939 /* Resources */,
			);
			buildRules = (
			);
			dependencies = (
				0FB7A31C20FB31E300692939 /* PBXTargetDependency */,
			);
			name = SimpleTimeLoggerUITests;
			productName = SimpleTimeLoggerUITests;
			productReference = 0FB7A31A20FB31E300692939 /* SimpleTimeLoggerUITests.xctest */;
			productType = "com.apple.product-type.bundle.ui-testing";
		};
/* End PBXNativeTarget section */

/* Begin PBXProject section */
		0FB7A2F320FB31E100692939 /* Project object */ = {
			isa = PBXProject;
			attributes = {
				LastSwiftUpdateCheck = 0940;
				LastUpgradeCheck = 0940;
				ORGANIZATIONNAME = "Pavel Antonov";
				TargetAttributes = {
					0FB7A2FA20FB31E100692939 = {
						CreatedOnToolsVersion = 9.4.1;
					};
					0FB7A30E20FB31E300692939 = {
						CreatedOnToolsVersion = 9.4.1;
						TestTargetID = 0FB7A2FA20FB31E100692939;
					};
					0FB7A31920FB31E300692939 = {
						CreatedOnToolsVersion = 9.4.1;
						TestTargetID = 0FB7A2FA20FB31E100692939;
					};
				};
			};
			buildConfigurationList = 0FB7A2F620FB31E100692939 /* Build configuration list for PBXProject "SimpleTimeLogger" */;
			compatibilityVersion = "Xcode 9.3";
			developmentRegion = en;
			hasScannedForEncodings = 0;
			knownRegions = (
				en,
				Base,
			);
			mainGroup = 0FB7A2F220FB31E100692939;
			productRefGroup = 0FB7A2FC20FB31E100692939 /* Products */;
			projectDirPath = "";
			projectRoot = "";
			targets = (
				0FB7A2FA20FB31E100692939 /* SimpleTimeLogger */,
				0FB7A30E20FB31E300692939 /* SimpleTimeLoggerTests */,
				0FB7A31920FB31E300692939 /* SimpleTimeLoggerUITests */,
			);
		};
/* End PBXProject section */

/* Begin PBXResourcesBuildPhase section */
		0FB7A2F920FB31E100692939 /* Resources */ = {
			isa = PBXResourcesBuildPhase;
			buildActionMask = 2147483647;
			files = (
				0FB7A30920FB31E300692939 /* LaunchScreen.storyboard in Resources */,
				0FB7A30620FB31E300692939 /* Assets.xcassets in Resources */,
				0FB7A30420FB31E100692939 /* Main.storyboard in Resources */,
			);
			runOnlyForDeploymentPostprocessing = 0;
		};
		0FB7A30D20FB31E300692939 /* Resources */ = {
			isa = PBXResourcesBuildPhase;
			buildActionMask = 2147483647;
			files = (
			);
			runOnlyForDeploymentPostprocessing = 0;
		};
		0FB7A31820FB31E300692939 /* Resources */ = {
			isa = PBXResourcesBuildPhase;
			buildActionMask = 2147483647;
			files = (
			);
			runOnlyForDeploymentPostprocessing = 0;
		};
/* End PBXResourcesBuildPhase section */

/* Begin PBXShellScriptBuildPhase section */
		0F0FFC2820FB904000D44D00 /* ShellScript */ = {
			isa = PBXShellScriptBuildPhase;
			buildActionMask = 2147483647;
			files = (
			);
			inputPaths = (
				"$(SRCROOT)/Carthage/Build/iOS/Realm.framework",
				"$(SRCROOT)/Carthage/Build/iOS/RealmSwift.framework",
			);
			outputPaths = (
			);
			runOnlyForDeploymentPostprocessing = 0;
			shellPath = /bin/sh;
			shellScript = "/usr/local/bin/carthage copy-frameworks";
		};
/* End PBXShellScriptBuildPhase section */

/* Begin PBXSourcesBuildPhase section */
		0FB7A2F720FB31E100692939 /* Sources */ = {
			isa = PBXSourcesBuildPhase;
			buildActionMask = 2147483647;
			files = (
				0F0FFC5C20FD450200D44D00 /* TimeRegistrationListViewModel.swift in Sources */,
				0F0FFC9220FE8E3500D44D00 /* TimeRegistrationListViewController.swift in Sources */,
				0F0FFC3220FBCEE900D44D00 /* RealmStorageService.swift in Sources */,
				0F0FFC6420FD519300D44D00 /* EditTimeEntryViewModel.swift in Sources */,
				0F0FFC8120FE646400D44D00 /* TimeLogCellViewModelImplementation.swift in Sources */,
				0FB7A30120FB31E100692939 /* ViewController.swift in Sources */,
				0F0FFC7920FE5E4700D44D00 /* TimeLogFactory.swift in Sources */,
				0F0FFC6820FD51B500D44D00 /* EditTimeEntryViewModelImplementation.swift in Sources */,
				0F0FFC6C20FE573500D44D00 /* TimeEntry.swift in Sources */,
				0F0FFC6020FD454600D44D00 /* TimeRegistrationListViewModelImplementation.swift in Sources */,
				0FB7A2FF20FB31E100692939 /* AppDelegate.swift in Sources */,
				0F0FFC8E20FE753100D44D00 /* TimeLogCellView.swift in Sources */,
				0F0FFC5820FD3C9700D44D00 /* ReaderWriter.swift in Sources */,
				0F0FFC7D20FE643900D44D00 /* TimeLogCellViewModel.swift in Sources */,
				0F0FFC2A20FB92FA00D44D00 /* TimeLog.swift in Sources */,
			);
			runOnlyForDeploymentPostprocessing = 0;
		};
		0FB7A30B20FB31E300692939 /* Sources */ = {
			isa = PBXSourcesBuildPhase;
			buildActionMask = 2147483647;
			files = (
				0F0FFC8F20FE753100D44D00 /* TimeLogCellView.swift in Sources */,
				0F0FFC6120FD454600D44D00 /* TimeRegistrationListViewModelImplementation.swift in Sources */,
				0F0FFC5920FD3C9700D44D00 /* ReaderWriter.swift in Sources */,
				0F0FFC6520FD519300D44D00 /* EditTimeEntryViewModel.swift in Sources */,
				0FB7A31420FB31E300692939 /* SimpleTimeLoggerTests.swift in Sources */,
				0F0FFC2B20FB92FA00D44D00 /* TimeLog.swift in Sources */,
				0F0FFC7E20FE643900D44D00 /* TimeLogCellViewModel.swift in Sources */,
				0F0FFC6D20FE573500D44D00 /* TimeEntry.swift in Sources */,
				0F0FFC9320FE8E3500D44D00 /* TimeRegistrationListViewController.swift in Sources */,
				0F0FFC7A20FE5E4700D44D00 /* TimeLogFactory.swift in Sources */,
				0F0FFC3320FBCEE900D44D00 /* RealmStorageService.swift in Sources */,
				0F0FFC6920FD51B500D44D00 /* EditTimeEntryViewModelImplementation.swift in Sources */,
				0F0FFC8220FE646400D44D00 /* TimeLogCellViewModelImplementation.swift in Sources */,
				0F0FFC5D20FD450200D44D00 /* TimeRegistrationListViewModel.swift in Sources */,
			);
			runOnlyForDeploymentPostprocessing = 0;
		};
		0FB7A31620FB31E300692939 /* Sources */ = {
			isa = PBXSourcesBuildPhase;
			buildActionMask = 2147483647;
			files = (
				0F0FFC9020FE753100D44D00 /* TimeLogCellView.swift in Sources */,
				0F0FFC6220FD454600D44D00 /* TimeRegistrationListViewModelImplementation.swift in Sources */,
				0F0FFC5A20FD3C9700D44D00 /* ReaderWriter.swift in Sources */,
				0F0FFC6620FD519300D44D00 /* EditTimeEntryViewModel.swift in Sources */,
				0FB7A31F20FB31E300692939 /* SimpleTimeLoggerUITests.swift in Sources */,
				0F0FFC2C20FB92FA00D44D00 /* TimeLog.swift in Sources */,
				0F0FFC7F20FE643900D44D00 /* TimeLogCellViewModel.swift in Sources */,
				0F0FFC6E20FE573500D44D00 /* TimeEntry.swift in Sources */,
				0F0FFC9420FE8E3500D44D00 /* TimeRegistrationListViewController.swift in Sources */,
				0F0FFC7B20FE5E4700D44D00 /* TimeLogFactory.swift in Sources */,
				0F0FFC3420FBCEE900D44D00 /* RealmStorageService.swift in Sources */,
				0F0FFC6A20FD51B500D44D00 /* EditTimeEntryViewModelImplementation.swift in Sources */,
				0F0FFC8320FE646400D44D00 /* TimeLogCellViewModelImplementation.swift in Sources */,
				0F0FFC5E20FD450200D44D00 /* TimeRegistrationListViewModel.swift in Sources */,
			);
			runOnlyForDeploymentPostprocessing = 0;
		};
/* End PBXSourcesBuildPhase section */

/* Begin PBXTargetDependency section */
		0FB7A31120FB31E300692939 /* PBXTargetDependency */ = {
			isa = PBXTargetDependency;
			target = 0FB7A2FA20FB31E100692939 /* SimpleTimeLogger */;
			targetProxy = 0FB7A31020FB31E300692939 /* PBXContainerItemProxy */;
		};
		0FB7A31C20FB31E300692939 /* PBXTargetDependency */ = {
			isa = PBXTargetDependency;
			target = 0FB7A2FA20FB31E100692939 /* SimpleTimeLogger */;
			targetProxy = 0FB7A31B20FB31E300692939 /* PBXContainerItemProxy */;
		};
/* End PBXTargetDependency section */

/* Begin PBXVariantGroup section */
		0FB7A30220FB31E100692939 /* Main.storyboard */ = {
			isa = PBXVariantGroup;
			children = (
				0FB7A30320FB31E100692939 /* Base */,
			);
			name = Main.storyboard;
			sourceTree = "<group>";
		};
		0FB7A30720FB31E300692939 /* LaunchScreen.storyboard */ = {
			isa = PBXVariantGroup;
			children = (
				0FB7A30820FB31E300692939 /* Base */,
			);
			name = LaunchScreen.storyboard;
			sourceTree = "<group>";
		};
/* End PBXVariantGroup section */

/* Begin XCBuildConfiguration section */
		0FB7A32120FB31E300692939 /* Debug */ = {
			isa = XCBuildConfiguration;
			buildSettings = {
				ALWAYS_SEARCH_USER_PATHS = NO;
				CLANG_ANALYZER_NONNULL = YES;
				CLANG_ANALYZER_NUMBER_OBJECT_CONVERSION = YES_AGGRESSIVE;
				CLANG_CXX_LANGUAGE_STANDARD = "gnu++14";
				CLANG_CXX_LIBRARY = "libc++";
				CLANG_ENABLE_MODULES = YES;
				CLANG_ENABLE_OBJC_ARC = YES;
				CLANG_ENABLE_OBJC_WEAK = YES;
				CLANG_WARN_BLOCK_CAPTURE_AUTORELEASING = YES;
				CLANG_WARN_BOOL_CONVERSION = YES;
				CLANG_WARN_COMMA = YES;
				CLANG_WARN_CONSTANT_CONVERSION = YES;
				CLANG_WARN_DEPRECATED_OBJC_IMPLEMENTATIONS = YES;
				CLANG_WARN_DIRECT_OBJC_ISA_USAGE = YES_ERROR;
				CLANG_WARN_DOCUMENTATION_COMMENTS = YES;
				CLANG_WARN_EMPTY_BODY = YES;
				CLANG_WARN_ENUM_CONVERSION = YES;
				CLANG_WARN_INFINITE_RECURSION = YES;
				CLANG_WARN_INT_CONVERSION = YES;
				CLANG_WARN_NON_LITERAL_NULL_CONVERSION = YES;
				CLANG_WARN_OBJC_IMPLICIT_RETAIN_SELF = YES;
				CLANG_WARN_OBJC_LITERAL_CONVERSION = YES;
				CLANG_WARN_OBJC_ROOT_CLASS = YES_ERROR;
				CLANG_WARN_RANGE_LOOP_ANALYSIS = YES;
				CLANG_WARN_STRICT_PROTOTYPES = YES;
				CLANG_WARN_SUSPICIOUS_MOVE = YES;
				CLANG_WARN_UNGUARDED_AVAILABILITY = YES_AGGRESSIVE;
				CLANG_WARN_UNREACHABLE_CODE = YES;
				CLANG_WARN__DUPLICATE_METHOD_MATCH = YES;
				CODE_SIGN_IDENTITY = "iPhone Developer";
				COPY_PHASE_STRIP = NO;
				DEBUG_INFORMATION_FORMAT = dwarf;
				ENABLE_STRICT_OBJC_MSGSEND = YES;
				ENABLE_TESTABILITY = YES;
				GCC_C_LANGUAGE_STANDARD = gnu11;
				GCC_DYNAMIC_NO_PIC = NO;
				GCC_NO_COMMON_BLOCKS = YES;
				GCC_OPTIMIZATION_LEVEL = 0;
				GCC_PREPROCESSOR_DEFINITIONS = (
					"DEBUG=1",
					"$(inherited)",
				);
				GCC_WARN_64_TO_32_BIT_CONVERSION = YES;
				GCC_WARN_ABOUT_RETURN_TYPE = YES_ERROR;
				GCC_WARN_UNDECLARED_SELECTOR = YES;
				GCC_WARN_UNINITIALIZED_AUTOS = YES_AGGRESSIVE;
				GCC_WARN_UNUSED_FUNCTION = YES;
				GCC_WARN_UNUSED_VARIABLE = YES;
				IPHONEOS_DEPLOYMENT_TARGET = 11.0;
				MTL_ENABLE_DEBUG_INFO = YES;
				ONLY_ACTIVE_ARCH = YES;
				SDKROOT = iphoneos;
				SWIFT_ACTIVE_COMPILATION_CONDITIONS = DEBUG;
				SWIFT_OPTIMIZATION_LEVEL = "-Onone";
			};
			name = Debug;
		};
		0FB7A32220FB31E300692939 /* Release */ = {
			isa = XCBuildConfiguration;
			buildSettings = {
				ALWAYS_SEARCH_USER_PATHS = NO;
				CLANG_ANALYZER_NONNULL = YES;
				CLANG_ANALYZER_NUMBER_OBJECT_CONVERSION = YES_AGGRESSIVE;
				CLANG_CXX_LANGUAGE_STANDARD = "gnu++14";
				CLANG_CXX_LIBRARY = "libc++";
				CLANG_ENABLE_MODULES = YES;
				CLANG_ENABLE_OBJC_ARC = YES;
				CLANG_ENABLE_OBJC_WEAK = YES;
				CLANG_WARN_BLOCK_CAPTURE_AUTORELEASING = YES;
				CLANG_WARN_BOOL_CONVERSION = YES;
				CLANG_WARN_COMMA = YES;
				CLANG_WARN_CONSTANT_CONVERSION = YES;
				CLANG_WARN_DEPRECATED_OBJC_IMPLEMENTATIONS = YES;
				CLANG_WARN_DIRECT_OBJC_ISA_USAGE = YES_ERROR;
				CLANG_WARN_DOCUMENTATION_COMMENTS = YES;
				CLANG_WARN_EMPTY_BODY = YES;
				CLANG_WARN_ENUM_CONVERSION = YES;
				CLANG_WARN_INFINITE_RECURSION = YES;
				CLANG_WARN_INT_CONVERSION = YES;
				CLANG_WARN_NON_LITERAL_NULL_CONVERSION = YES;
				CLANG_WARN_OBJC_IMPLICIT_RETAIN_SELF = YES;
				CLANG_WARN_OBJC_LITERAL_CONVERSION = YES;
				CLANG_WARN_OBJC_ROOT_CLASS = YES_ERROR;
				CLANG_WARN_RANGE_LOOP_ANALYSIS = YES;
				CLANG_WARN_STRICT_PROTOTYPES = YES;
				CLANG_WARN_SUSPICIOUS_MOVE = YES;
				CLANG_WARN_UNGUARDED_AVAILABILITY = YES_AGGRESSIVE;
				CLANG_WARN_UNREACHABLE_CODE = YES;
				CLANG_WARN__DUPLICATE_METHOD_MATCH = YES;
				CODE_SIGN_IDENTITY = "iPhone Developer";
				COPY_PHASE_STRIP = NO;
				DEBUG_INFORMATION_FORMAT = "dwarf-with-dsym";
				ENABLE_NS_ASSERTIONS = NO;
				ENABLE_STRICT_OBJC_MSGSEND = YES;
				GCC_C_LANGUAGE_STANDARD = gnu11;
				GCC_NO_COMMON_BLOCKS = YES;
				GCC_WARN_64_TO_32_BIT_CONVERSION = YES;
				GCC_WARN_ABOUT_RETURN_TYPE = YES_ERROR;
				GCC_WARN_UNDECLARED_SELECTOR = YES;
				GCC_WARN_UNINITIALIZED_AUTOS = YES_AGGRESSIVE;
				GCC_WARN_UNUSED_FUNCTION = YES;
				GCC_WARN_UNUSED_VARIABLE = YES;
				IPHONEOS_DEPLOYMENT_TARGET = 11.0;
				MTL_ENABLE_DEBUG_INFO = NO;
				SDKROOT = iphoneos;
				SWIFT_COMPILATION_MODE = wholemodule;
				SWIFT_OPTIMIZATION_LEVEL = "-O";
				VALIDATE_PRODUCT = YES;
			};
			name = Release;
		};
		0FB7A32420FB31E300692939 /* Debug */ = {
			isa = XCBuildConfiguration;
			buildSettings = {
				ASSETCATALOG_COMPILER_APPICON_NAME = AppIcon;
				CODE_SIGN_STYLE = Automatic;
				DEVELOPMENT_TEAM = WLH7AQNPBD;
				FRAMEWORK_SEARCH_PATHS = (
					"$(inherited)",
					"$(PROJECT_DIR)/Carthage/Build/iOS",
				);
				INFOPLIST_FILE = "$(SRCROOT)/SimpleTimeLogger/Resources/Info.plist";
				IPHONEOS_DEPLOYMENT_TARGET = 11.0;
				LD_RUNPATH_SEARCH_PATHS = (
					"$(inherited)",
					"@executable_path/Frameworks",
				);
				PRODUCT_BUNDLE_IDENTIFIER = pavel.antonov.SimpleTimeLogger;
				PRODUCT_NAME = "$(TARGET_NAME)";
				SWIFT_VERSION = 4.0;
				TARGETED_DEVICE_FAMILY = "1,2";
			};
			name = Debug;
		};
		0FB7A32520FB31E300692939 /* Release */ = {
			isa = XCBuildConfiguration;
			buildSettings = {
				ASSETCATALOG_COMPILER_APPICON_NAME = AppIcon;
				CODE_SIGN_STYLE = Automatic;
				DEVELOPMENT_TEAM = WLH7AQNPBD;
				FRAMEWORK_SEARCH_PATHS = (
					"$(inherited)",
					"$(PROJECT_DIR)/Carthage/Build/iOS",
				);
				INFOPLIST_FILE = "$(SRCROOT)/SimpleTimeLogger/Resources/Info.plist";
				IPHONEOS_DEPLOYMENT_TARGET = 11.0;
				LD_RUNPATH_SEARCH_PATHS = (
					"$(inherited)",
					"@executable_path/Frameworks",
				);
				PRODUCT_BUNDLE_IDENTIFIER = pavel.antonov.SimpleTimeLogger;
				PRODUCT_NAME = "$(TARGET_NAME)";
				SWIFT_VERSION = 4.0;
				TARGETED_DEVICE_FAMILY = "1,2";
			};
			name = Release;
		};
		0FB7A32720FB31E300692939 /* Debug */ = {
			isa = XCBuildConfiguration;
			buildSettings = {
				ALWAYS_EMBED_SWIFT_STANDARD_LIBRARIES = YES;
				BUNDLE_LOADER = "$(TEST_HOST)";
				CODE_SIGN_STYLE = Automatic;
				DEVELOPMENT_TEAM = WLH7AQNPBD;
				INFOPLIST_FILE = SimpleTimeLoggerTests/Info.plist;
				LD_RUNPATH_SEARCH_PATHS = (
					"$(inherited)",
					"@executable_path/Frameworks",
					"@loader_path/Frameworks",
				);
				PRODUCT_BUNDLE_IDENTIFIER = pavel.antonov.SimpleTimeLoggerTests;
				PRODUCT_NAME = "$(TARGET_NAME)";
				SWIFT_VERSION = 4.0;
				TARGETED_DEVICE_FAMILY = "1,2";
				TEST_HOST = "$(BUILT_PRODUCTS_DIR)/SimpleTimeLogger.app/SimpleTimeLogger";
			};
			name = Debug;
		};
		0FB7A32820FB31E300692939 /* Release */ = {
			isa = XCBuildConfiguration;
			buildSettings = {
				ALWAYS_EMBED_SWIFT_STANDARD_LIBRARIES = YES;
				BUNDLE_LOADER = "$(TEST_HOST)";
				CODE_SIGN_STYLE = Automatic;
				DEVELOPMENT_TEAM = WLH7AQNPBD;
				INFOPLIST_FILE = SimpleTimeLoggerTests/Info.plist;
				LD_RUNPATH_SEARCH_PATHS = (
					"$(inherited)",
					"@executable_path/Frameworks",
					"@loader_path/Frameworks",
				);
				PRODUCT_BUNDLE_IDENTIFIER = pavel.antonov.SimpleTimeLoggerTests;
				PRODUCT_NAME = "$(TARGET_NAME)";
				SWIFT_VERSION = 4.0;
				TARGETED_DEVICE_FAMILY = "1,2";
				TEST_HOST = "$(BUILT_PRODUCTS_DIR)/SimpleTimeLogger.app/SimpleTimeLogger";
			};
			name = Release;
		};
		0FB7A32A20FB31E300692939 /* Debug */ = {
			isa = XCBuildConfiguration;
			buildSettings = {
				ALWAYS_EMBED_SWIFT_STANDARD_LIBRARIES = YES;
				CODE_SIGN_STYLE = Automatic;
				DEVELOPMENT_TEAM = WLH7AQNPBD;
				INFOPLIST_FILE = SimpleTimeLoggerUITests/Info.plist;
				LD_RUNPATH_SEARCH_PATHS = (
					"$(inherited)",
					"@executable_path/Frameworks",
					"@loader_path/Frameworks",
				);
				PRODUCT_BUNDLE_IDENTIFIER = pavel.antonov.SimpleTimeLoggerUITests;
				PRODUCT_NAME = "$(TARGET_NAME)";
				SWIFT_VERSION = 4.0;
				TARGETED_DEVICE_FAMILY = "1,2";
				TEST_TARGET_NAME = SimpleTimeLogger;
			};
			name = Debug;
		};
		0FB7A32B20FB31E300692939 /* Release */ = {
			isa = XCBuildConfiguration;
			buildSettings = {
				ALWAYS_EMBED_SWIFT_STANDARD_LIBRARIES = YES;
				CODE_SIGN_STYLE = Automatic;
				DEVELOPMENT_TEAM = WLH7AQNPBD;
				INFOPLIST_FILE = SimpleTimeLoggerUITests/Info.plist;
				LD_RUNPATH_SEARCH_PATHS = (
					"$(inherited)",
					"@executable_path/Frameworks",
					"@loader_path/Frameworks",
				);
				PRODUCT_BUNDLE_IDENTIFIER = pavel.antonov.SimpleTimeLoggerUITests;
				PRODUCT_NAME = "$(TARGET_NAME)";
				SWIFT_VERSION = 4.0;
				TARGETED_DEVICE_FAMILY = "1,2";
				TEST_TARGET_NAME = SimpleTimeLogger;
			};
			name = Release;
		};
/* End XCBuildConfiguration section */

/* Begin XCConfigurationList section */
		0FB7A2F620FB31E100692939 /* Build configuration list for PBXProject "SimpleTimeLogger" */ = {
			isa = XCConfigurationList;
			buildConfigurations = (
				0FB7A32120FB31E300692939 /* Debug */,
				0FB7A32220FB31E300692939 /* Release */,
			);
			defaultConfigurationIsVisible = 0;
			defaultConfigurationName = Release;
		};
		0FB7A32320FB31E300692939 /* Build configuration list for PBXNativeTarget "SimpleTimeLogger" */ = {
			isa = XCConfigurationList;
			buildConfigurations = (
				0FB7A32420FB31E300692939 /* Debug */,
				0FB7A32520FB31E300692939 /* Release */,
			);
			defaultConfigurationIsVisible = 0;
			defaultConfigurationName = Release;
		};
		0FB7A32620FB31E300692939 /* Build configuration list for PBXNativeTarget "SimpleTimeLoggerTests" */ = {
			isa = XCConfigurationList;
			buildConfigurations = (
				0FB7A32720FB31E300692939 /* Debug */,
				0FB7A32820FB31E300692939 /* Release */,
			);
			defaultConfigurationIsVisible = 0;
			defaultConfigurationName = Release;
		};
		0FB7A32920FB31E300692939 /* Build configuration list for PBXNativeTarget "SimpleTimeLoggerUITests" */ = {
			isa = XCConfigurationList;
			buildConfigurations = (
				0FB7A32A20FB31E300692939 /* Debug */,
				0FB7A32B20FB31E300692939 /* Release */,
			);
			defaultConfigurationIsVisible = 0;
			defaultConfigurationName = Release;
		};
/* End XCConfigurationList section */
	};
	rootObject = 0FB7A2F320FB31E100692939 /* Project object */;
}
